
Microsoft Visual Studio Solution File, Format Version 12.00
# Visual Studio Version 17
VisualStudioVersion = 17.8.34330.188
MinimumVisualStudioVersion = 10.0.40219.1
Project("{FAE04EC0-301F-11D3-BF4B-00C04F79EFBC}") = "ArraysAndStrings", "ArraysAndStrings\ArraysAndStrings.csproj", "{FE052C94-48BE-4521-A9BD-F25E43752B3C}"
EndProject
Global
	GlobalSection(SolutionConfigurationPlatforms) = preSolution
		Debug|Any CPU = Debug|Any CPU
		Release|Any CPU = Release|Any CPU
	EndGlobalSection
	GlobalSection(ProjectConfigurationPlatforms) = postSolution
		{FE052C94-48BE-4521-A9BD-F25E43752B3C}.Debug|Any CPU.ActiveCfg = Debug|Any CPU
		{FE052C94-48BE-4521-A9BD-F25E43752B3C}.Debug|Any CPU.Build.0 = Debug|Any CPU
		{FE052C94-48BE-4521-A9BD-F25E43752B3C}.Release|Any CPU.ActiveCfg = Release|Any CPU
		{FE052C94-48BE-4521-A9BD-F25E43752B3C}.Release|Any CPU.Build.0 = Release|Any CPU
	EndGlobalSection
	GlobalSection(SolutionProperties) = preSolution
		HideSolutionNode = FALSE
	EndGlobalSection
	GlobalSection(ExtensibilityGlobals) = postSolution
		SolutionGuid = {6370A80B-9C03-455A-A4ED-7EC76F85BF52}
	EndGlobalSection
EndGlobal
